{
  "name": "forge-starter",
  "version": "1.0.0",
  "lockfileVersion": 3,
  "requires": true,
  "packages": {
    "": {
      "name": "forge-starter",
      "version": "1.0.0",
      "license": "MIT",
      "dependencies": {
        "@thirdweb-dev/contracts": "^3"
      }
    },
    "node_modules/@thirdweb-dev/contracts": {
      "version": "3.2.10",
      "resolved": "https://registry.npmjs.org/@thirdweb-dev/contracts/-/contracts-3.2.10.tgz",
      "integrity": "sha512-rp2cdvnPR005/9dyzWNS8221WCcMX83Wg1dlSBD32vgnEtWARc1K9sSHk+idvBRucwFjC9uz/8Uq8PxJ4SzRcw=="
    }
  }
}
